
Microsoft Visual Studio Solution File, Format Version 12.00
# Visual Studio 15
VisualStudioVersion = 15.0.27703.2042
MinimumVisualStudioVersion = 10.0.40219.1
Project("{9A19103F-16F7-4668-BE54-9A1E7A4F7556}") = "FCGameBot", "FCGameBot.csproj", "{1805436A-BD6E-4C6B-BCC5-49BCEF34A7D8}"
EndProject
Global
	GlobalSection(SolutionConfigurationPlatforms) = preSolution
		Debug|Any CPU = Debug|Any CPU
		Release|Any CPU = Release|Any CPU
	EndGlobalSection
	GlobalSection(ProjectConfigurationPlatforms) = postSolution
		{1805436A-BD6E-4C6B-BCC5-49BCEF34A7D8}.Debug|Any CPU.ActiveCfg = Debug|Any CPU
		{1805436A-BD6E-4C6B-BCC5-49BCEF34A7D8}.Debug|Any CPU.Build.0 = Debug|Any CPU
		{1805436A-BD6E-4C6B-BCC5-49BCEF34A7D8}.Release|Any CPU.ActiveCfg = Release|Any CPU
		{1805436A-BD6E-4C6B-BCC5-49BCEF34A7D8}.Release|Any CPU.Build.0 = Release|Any CPU
	EndGlobalSection
	GlobalSection(SolutionProperties) = preSolution
		HideSolutionNode = FALSE
	EndGlobalSection
	GlobalSection(ExtensibilityGlobals) = postSolution
		SolutionGuid = {4DC7833B-6CB3-44AF-88D6-0CC02D532194}
	EndGlobalSection
EndGlobal
